// !$*UTF8*$!
{
	archiveVersion = 1;
	classes = {
	};
	objectVersion = 50;
	objects = {

/* Begin PBXBuildFile section */
		9DC0DAA526A076F1005E4568 /* TripViewController.swift in Sources */ = {isa = PBXBuildFile; fileRef = 9DC0DAA426A076F1005E4568 /* TripViewController.swift */; };
		9DC0DAA926A08A55005E4568 /* TripTableViewCell.swift in Sources */ = {isa = PBXBuildFile; fileRef = 9DC0DAA826A08A55005E4568 /* TripTableViewCell.swift */; };
		9DC0DAAB26A0C21C005E4568 /* NotesViewController.swift in Sources */ = {isa = PBXBuildFile; fileRef = 9DC0DAAA26A0C21C005E4568 /* NotesViewController.swift */; };
		9DC0DAAD26A0E9E6005E4568 /* PhotosViewController.swift in Sources */ = {isa = PBXBuildFile; fileRef = 9DC0DAAC26A0E9E6005E4568 /* PhotosViewController.swift */; };
		9DC0DAAF26A0EC11005E4568 /* FilesViewController.swift in Sources */ = {isa = PBXBuildFile; fileRef = 9DC0DAAE26A0EC11005E4568 /* FilesViewController.swift */; };
		9DC0DAB126A20915005E4568 /* MyBagViewController.swift in Sources */ = {isa = PBXBuildFile; fileRef = 9DC0DAB026A20915005E4568 /* MyBagViewController.swift */; };
		9DC0DAB526A639C5005E4568 /* NewItemViewController.swift in Sources */ = {isa = PBXBuildFile; fileRef = 9DC0DAB426A639C5005E4568 /* NewItemViewController.swift */; };
		9DC0DABB26A74A4F005E4568 /* NewItemViewControllerDelegate.swift in Sources */ = {isa = PBXBuildFile; fileRef = 9DC0DABA26A74A4F005E4568 /* NewItemViewControllerDelegate.swift */; };
		9DC0DABE26A75533005E4568 /* Model.xcdatamodeld in Sources */ = {isa = PBXBuildFile; fileRef = 9DC0DABC26A75533005E4568 /* Model.xcdatamodeld */; };
		9DC0DAC126A757ED005E4568 /* CoreDataStack.swift in Sources */ = {isa = PBXBuildFile; fileRef = 9DC0DAC026A757ED005E4568 /* CoreDataStack.swift */; };
		9DC0DAC326A77DF0005E4568 /* CollectionViewCell.swift in Sources */ = {isa = PBXBuildFile; fileRef = 9DC0DAC226A77DF0005E4568 /* CollectionViewCell.swift */; };
		9DC0DACF26A8D19C005E4568 /* TripCollectionViewCell.swift in Sources */ = {isa = PBXBuildFile; fileRef = 9DC0DACE26A8D19C005E4568 /* TripCollectionViewCell.swift */; };
		9DE6F5CC269C92160027438C /* AppDelegate.swift in Sources */ = {isa = PBXBuildFile; fileRef = 9DE6F5CB269C92160027438C /* AppDelegate.swift */; };
		9DE6F5CE269C92160027438C /* SceneDelegate.swift in Sources */ = {isa = PBXBuildFile; fileRef = 9DE6F5CD269C92160027438C /* SceneDelegate.swift */; };
		9DE6F5D0269C92160027438C /* FirstSceneViewController.swift in Sources */ = {isa = PBXBuildFile; fileRef = 9DE6F5CF269C92160027438C /* FirstSceneViewController.swift */; };
		9DE6F5D8269C92170027438C /* Assets.xcassets in Resources */ = {isa = PBXBuildFile; fileRef = 9DE6F5D7269C92170027438C /* Assets.xcassets */; };
		9DE6F5DB269C92170027438C /* LaunchScreen.storyboard in Resources */ = {isa = PBXBuildFile; fileRef = 9DE6F5D9269C92170027438C /* LaunchScreen.storyboard */; };
		9DE6F5E9269CBB9A0027438C /* NewTripViewController.swift in Sources */ = {isa = PBXBuildFile; fileRef = 9DE6F5E8269CBB9A0027438C /* NewTripViewController.swift */; };
		9DE6F5ED269E2F740027438C /* TextFieldTableViewCell.swift in Sources */ = {isa = PBXBuildFile; fileRef = 9DE6F5EC269E2F730027438C /* TextFieldTableViewCell.swift */; };
/* End PBXBuildFile section */

/* Begin PBXFileReference section */
		9DC0DAA426A076F1005E4568 /* TripViewController.swift */ = {isa = PBXFileReference; lastKnownFileType = sourcecode.swift; name = TripViewController.swift; path = BTravellr/ViewControllers/Viagem/TripViewController.swift; sourceTree = SOURCE_ROOT; };
		9DC0DAA826A08A55005E4568 /* TripTableViewCell.swift */ = {isa = PBXFileReference; lastKnownFileType = sourcecode.swift; path = TripTableViewCell.swift; sourceTree = "<group>"; };
		9DC0DAAA26A0C21C005E4568 /* NotesViewController.swift */ = {isa = PBXFileReference; lastKnownFileType = sourcecode.swift; path = NotesViewController.swift; sourceTree = "<group>"; };
		9DC0DAAC26A0E9E6005E4568 /* PhotosViewController.swift */ = {isa = PBXFileReference; lastKnownFileType = sourcecode.swift; name = PhotosViewController.swift; path = BTravellr/ViewControllers/Viagem/PhotosViewController.swift; sourceTree = SOURCE_ROOT; };
		9DC0DAAE26A0EC11005E4568 /* FilesViewController.swift */ = {isa = PBXFileReference; lastKnownFileType = sourcecode.swift; path = FilesViewController.swift; sourceTree = "<group>"; };
		9DC0DAB026A20915005E4568 /* MyBagViewController.swift */ = {isa = PBXFileReference; lastKnownFileType = sourcecode.swift; path = MyBagViewController.swift; sourceTree = "<group>"; };
		9DC0DAB426A639C5005E4568 /* NewItemViewController.swift */ = {isa = PBXFileReference; lastKnownFileType = sourcecode.swift; path = NewItemViewController.swift; sourceTree = "<group>"; };
		9DC0DABA26A74A4F005E4568 /* NewItemViewControllerDelegate.swift */ = {isa = PBXFileReference; lastKnownFileType = sourcecode.swift; path = NewItemViewControllerDelegate.swift; sourceTree = "<group>"; };
		9DC0DABD26A75533005E4568 /* Model.xcdatamodel */ = {isa = PBXFileReference; lastKnownFileType = wrapper.xcdatamodel; path = Model.xcdatamodel; sourceTree = "<group>"; };
		9DC0DAC026A757ED005E4568 /* CoreDataStack.swift */ = {isa = PBXFileReference; lastKnownFileType = sourcecode.swift; path = CoreDataStack.swift; sourceTree = "<group>"; };
		9DC0DAC226A77DF0005E4568 /* CollectionViewCell.swift */ = {isa = PBXFileReference; lastKnownFileType = sourcecode.swift; path = CollectionViewCell.swift; sourceTree = "<group>"; };
		9DC0DACE26A8D19C005E4568 /* TripCollectionViewCell.swift */ = {isa = PBXFileReference; lastKnownFileType = sourcecode.swift; path = TripCollectionViewCell.swift; sourceTree = "<group>"; };
		9DE6F5C8269C92160027438C /* BTravellr.app */ = {isa = PBXFileReference; explicitFileType = wrapper.application; includeInIndex = 0; path = BTravellr.app; sourceTree = BUILT_PRODUCTS_DIR; };
		9DE6F5CB269C92160027438C /* AppDelegate.swift */ = {isa = PBXFileReference; lastKnownFileType = sourcecode.swift; path = AppDelegate.swift; sourceTree = "<group>"; };
		9DE6F5CD269C92160027438C /* SceneDelegate.swift */ = {isa = PBXFileReference; lastKnownFileType = sourcecode.swift; path = SceneDelegate.swift; sourceTree = "<group>"; };
		9DE6F5CF269C92160027438C /* FirstSceneViewController.swift */ = {isa = PBXFileReference; lastKnownFileType = sourcecode.swift; path = FirstSceneViewController.swift; sourceTree = "<group>"; };
		9DE6F5D7269C92170027438C /* Assets.xcassets */ = {isa = PBXFileReference; lastKnownFileType = folder.assetcatalog; path = Assets.xcassets; sourceTree = "<group>"; };
		9DE6F5DA269C92170027438C /* Base */ = {isa = PBXFileReference; lastKnownFileType = file.storyboard; name = Base; path = Base.lproj/LaunchScreen.storyboard; sourceTree = "<group>"; };
		9DE6F5DC269C92170027438C /* Info.plist */ = {isa = PBXFileReference; lastKnownFileType = text.plist.xml; path = Info.plist; sourceTree = "<group>"; };
		9DE6F5E8269CBB9A0027438C /* NewTripViewController.swift */ = {isa = PBXFileReference; lastKnownFileType = sourcecode.swift; path = NewTripViewController.swift; sourceTree = "<group>"; };
		9DE6F5EC269E2F730027438C /* TextFieldTableViewCell.swift */ = {isa = PBXFileReference; lastKnownFileType = sourcecode.swift; path = TextFieldTableViewCell.swift; sourceTree = "<group>"; };
/* End PBXFileReference section */

/* Begin PBXFrameworksBuildPhase section */
		9DE6F5C5269C92160027438C /* Frameworks */ = {
			isa = PBXFrameworksBuildPhase;
			buildActionMask = 2147483647;
			files = (
			);
			runOnlyForDeploymentPostprocessing = 0;
		};
/* End PBXFrameworksBuildPhase section */

/* Begin PBXGroup section */
		9DC0DAB626A7406B005E4568 /* Viagem */ = {
			isa = PBXGroup;
			children = (
				9DC0DAA426A076F1005E4568 /* TripViewController.swift */,
				9DC0DAA826A08A55005E4568 /* TripTableViewCell.swift */,
				9DC0DAAC26A0E9E6005E4568 /* PhotosViewController.swift */,
				9DC0DAB426A639C5005E4568 /* NewItemViewController.swift */,
				9DC0DAB026A20915005E4568 /* MyBagViewController.swift */,
				9DC0DABA26A74A4F005E4568 /* NewItemViewControllerDelegate.swift */,
				9DC0DAAA26A0C21C005E4568 /* NotesViewController.swift */,
				9DC0DAC226A77DF0005E4568 /* CollectionViewCell.swift */,
				9DC0DAAE26A0EC11005E4568 /* FilesViewController.swift */,
			);
			path = Viagem;
			sourceTree = "<group>";
		};
		9DC0DAB726A740AB005E4568 /* Nova Viagem */ = {
			isa = PBXGroup;
			children = (
				9DE6F5EC269E2F730027438C /* TextFieldTableViewCell.swift */,
				9DE6F5E8269CBB9A0027438C /* NewTripViewController.swift */,
			);
			path = "Nova Viagem";
			sourceTree = "<group>";
		};
		9DC0DAB926A740EC005E4568 /* Delegates */ = {
			isa = PBXGroup;
			children = (
				9DE6F5CD269C92160027438C /* SceneDelegate.swift */,
				9DE6F5CB269C92160027438C /* AppDelegate.swift */,
			);
			path = Delegates;
			sourceTree = "<group>";
		};
		9DC0DABF26A757D5005E4568 /* CoreData */ = {
			isa = PBXGroup;
			children = (
				9DC0DABC26A75533005E4568 /* Model.xcdatamodeld */,
				9DC0DAC026A757ED005E4568 /* CoreDataStack.swift */,
			);
			path = CoreData;
			sourceTree = "<group>";
		};
		9DC0DAD026A8D432005E4568 /* Início */ = {
			isa = PBXGroup;
			children = (
				9DE6F5CF269C92160027438C /* FirstSceneViewController.swift */,
				9DC0DACE26A8D19C005E4568 /* TripCollectionViewCell.swift */,
			);
			name = "Início";
			path = "Início";
			sourceTree = "<group>";
		};
		9DE6F5BF269C92160027438C = {
			isa = PBXGroup;
			children = (
				9DE6F5CA269C92160027438C /* BTravellr */,
				9DE6F5C9269C92160027438C /* Products */,
			);
			sourceTree = "<group>";
		};
		9DE6F5C9269C92160027438C /* Products */ = {
			isa = PBXGroup;
			children = (
				9DE6F5C8269C92160027438C /* BTravellr.app */,
			);
			name = Products;
			sourceTree = "<group>";
		};
		9DE6F5CA269C92160027438C /* BTravellr */ = {
			isa = PBXGroup;
			children = (
				9DC0DABF26A757D5005E4568 /* CoreData */,
				9DC0DAB926A740EC005E4568 /* Delegates */,
				9DE6F5E7269CB1520027438C /* Storyboards */,
				9DE6F5E6269CB13E0027438C /* ViewControllers */,
				9DE6F5D7269C92170027438C /* Assets.xcassets */,
				9DE6F5DC269C92170027438C /* Info.plist */,
			);
			path = BTravellr;
			sourceTree = "<group>";
		};
		9DE6F5E6269CB13E0027438C /* ViewControllers */ = {
			isa = PBXGroup;
			children = (
				9DC0DAD026A8D432005E4568 /* Início */,
				9DC0DAB726A740AB005E4568 /* Nova Viagem */,
				9DC0DAB626A7406B005E4568 /* Viagem */,
			);
			path = ViewControllers;
			sourceTree = "<group>";
		};
		9DE6F5E7269CB1520027438C /* Storyboards */ = {
			isa = PBXGroup;
			children = (
				9DE6F5D9269C92170027438C /* LaunchScreen.storyboard */,
			);
			path = Storyboards;
			sourceTree = "<group>";
		};
/* End PBXGroup section */

/* Begin PBXNativeTarget section */
		9DE6F5C7269C92160027438C /* BTravellr */ = {
			isa = PBXNativeTarget;
			buildConfigurationList = 9DE6F5DF269C92170027438C /* Build configuration list for PBXNativeTarget "BTravellr" */;
			buildPhases = (
				9DE6F5C4269C92160027438C /* Sources */,
				9DE6F5C5269C92160027438C /* Frameworks */,
				9DE6F5C6269C92160027438C /* Resources */,
			);
			buildRules = (
			);
			dependencies = (
			);
			name = BTravellr;
			productName = BTravellr;
			productReference = 9DE6F5C8269C92160027438C /* BTravellr.app */;
			productType = "com.apple.product-type.application";
		};
/* End PBXNativeTarget section */

/* Begin PBXProject section */
		9DE6F5C0269C92160027438C /* Project object */ = {
			isa = PBXProject;
			attributes = {
				LastSwiftUpdateCheck = 1250;
				LastUpgradeCheck = 1250;
				TargetAttributes = {
					9DE6F5C7269C92160027438C = {
						CreatedOnToolsVersion = 12.5.1;
					};
				};
			};
			buildConfigurationList = 9DE6F5C3269C92160027438C /* Build configuration list for PBXProject "BTravellr" */;
			compatibilityVersion = "Xcode 9.3";
			developmentRegion = en;
			hasScannedForEncodings = 0;
			knownRegions = (
				en,
				Base,
			);
			mainGroup = 9DE6F5BF269C92160027438C;
			productRefGroup = 9DE6F5C9269C92160027438C /* Products */;
			projectDirPath = "";
			projectRoot = "";
			targets = (
				9DE6F5C7269C92160027438C /* BTravellr */,
			);
		};
/* End PBXProject section */

/* Begin PBXResourcesBuildPhase section */
		9DE6F5C6269C92160027438C /* Resources */ = {
			isa = PBXResourcesBuildPhase;
			buildActionMask = 2147483647;
			files = (
				9DE6F5DB269C92170027438C /* LaunchScreen.storyboard in Resources */,
				9DE6F5D8269C92170027438C /* Assets.xcassets in Resources */,
			);
			runOnlyForDeploymentPostprocessing = 0;
		};
/* End PBXResourcesBuildPhase section */

/* Begin PBXSourcesBuildPhase section */
		9DE6F5C4269C92160027438C /* Sources */ = {
			isa = PBXSourcesBuildPhase;
			buildActionMask = 2147483647;
			files = (
				9DC0DAAD26A0E9E6005E4568 /* PhotosViewController.swift in Sources */,
				9DC0DAA526A076F1005E4568 /* TripViewController.swift in Sources */,
				9DE6F5D0269C92160027438C /* FirstSceneViewController.swift in Sources */,
				9DC0DABE26A75533005E4568 /* Model.xcdatamodeld in Sources */,
				9DC0DAC126A757ED005E4568 /* CoreDataStack.swift in Sources */,
				9DC0DAA926A08A55005E4568 /* TripTableViewCell.swift in Sources */,
				9DC0DACF26A8D19C005E4568 /* TripCollectionViewCell.swift in Sources */,
				9DE6F5E9269CBB9A0027438C /* NewTripViewController.swift in Sources */,
				9DC0DAAB26A0C21C005E4568 /* NotesViewController.swift in Sources */,
				9DC0DABB26A74A4F005E4568 /* NewItemViewControllerDelegate.swift in Sources */,
				9DE6F5ED269E2F740027438C /* TextFieldTableViewCell.swift in Sources */,
				9DC0DAC326A77DF0005E4568 /* CollectionViewCell.swift in Sources */,
				9DE6F5CC269C92160027438C /* AppDelegate.swift in Sources */,
				9DC0DAAF26A0EC11005E4568 /* FilesViewController.swift in Sources */,
				9DE6F5CE269C92160027438C /* SceneDelegate.swift in Sources */,
				9DC0DAB126A20915005E4568 /* MyBagViewController.swift in Sources */,
				9DC0DAB526A639C5005E4568 /* NewItemViewController.swift in Sources */,
			);
			runOnlyForDeploymentPostprocessing = 0;
		};
/* End PBXSourcesBuildPhase section */

/* Begin PBXVariantGroup section */
		9DE6F5D9269C92170027438C /* LaunchScreen.storyboard */ = {
			isa = PBXVariantGroup;
			children = (
				9DE6F5DA269C92170027438C /* Base */,
			);
			name = LaunchScreen.storyboard;
			sourceTree = "<group>";
		};
/* End PBXVariantGroup section */

/* Begin XCBuildConfiguration section */
		9DE6F5DD269C92170027438C /* Debug */ = {
			isa = XCBuildConfiguration;
			buildSettings = {
				ALWAYS_SEARCH_USER_PATHS = NO;
				CLANG_ANALYZER_NONNULL = YES;
				CLANG_ANALYZER_NUMBER_OBJECT_CONVERSION = YES_AGGRESSIVE;
				CLANG_CXX_LANGUAGE_STANDARD = "gnu++14";
				CLANG_CXX_LIBRARY = "libc++";
				CLANG_ENABLE_MODULES = YES;
				CLANG_ENABLE_OBJC_ARC = YES;
				CLANG_ENABLE_OBJC_WEAK = YES;
				CLANG_WARN_BLOCK_CAPTURE_AUTORELEASING = YES;
				CLANG_WARN_BOOL_CONVERSION = YES;
				CLANG_WARN_COMMA = YES;
				CLANG_WARN_CONSTANT_CONVERSION = YES;
				CLANG_WARN_DEPRECATED_OBJC_IMPLEMENTATIONS = YES;
				CLANG_WARN_DIRECT_OBJC_ISA_USAGE = YES_ERROR;
				CLANG_WARN_DOCUMENTATION_COMMENTS = YES;
				CLANG_WARN_EMPTY_BODY = YES;
				CLANG_WARN_ENUM_CONVERSION = YES;
				CLANG_WARN_INFINITE_RECURSION = YES;
				CLANG_WARN_INT_CONVERSION = YES;
				CLANG_WARN_NON_LITERAL_NULL_CONVERSION = YES;
				CLANG_WARN_OBJC_IMPLICIT_RETAIN_SELF = YES;
				CLANG_WARN_OBJC_LITERAL_CONVERSION = YES;
				CLANG_WARN_OBJC_ROOT_CLASS = YES_ERROR;
				CLANG_WARN_QUOTED_INCLUDE_IN_FRAMEWORK_HEADER = YES;
				CLANG_WARN_RANGE_LOOP_ANALYSIS = YES;
				CLANG_WARN_STRICT_PROTOTYPES = YES;
				CLANG_WARN_SUSPICIOUS_MOVE = YES;
				CLANG_WARN_UNGUARDED_AVAILABILITY = YES_AGGRESSIVE;
				CLANG_WARN_UNREACHABLE_CODE = YES;
				CLANG_WARN__DUPLICATE_METHOD_MATCH = YES;
				COPY_PHASE_STRIP = NO;
				DEBUG_INFORMATION_FORMAT = dwarf;
				ENABLE_STRICT_OBJC_MSGSEND = YES;
				ENABLE_TESTABILITY = YES;
				GCC_C_LANGUAGE_STANDARD = gnu11;
				GCC_DYNAMIC_NO_PIC = NO;
				GCC_NO_COMMON_BLOCKS = YES;
				GCC_OPTIMIZATION_LEVEL = 0;
				GCC_PREPROCESSOR_DEFINITIONS = (
					"DEBUG=1",
					"$(inherited)",
				);
				GCC_WARN_64_TO_32_BIT_CONVERSION = YES;
				GCC_WARN_ABOUT_RETURN_TYPE = YES_ERROR;
				GCC_WARN_UNDECLARED_SELECTOR = YES;
				GCC_WARN_UNINITIALIZED_AUTOS = YES_AGGRESSIVE;
				GCC_WARN_UNUSED_FUNCTION = YES;
				GCC_WARN_UNUSED_VARIABLE = YES;
				IPHONEOS_DEPLOYMENT_TARGET = 14.5;
				MTL_ENABLE_DEBUG_INFO = INCLUDE_SOURCE;
				MTL_FAST_MATH = YES;
				ONLY_ACTIVE_ARCH = YES;
				SDKROOT = iphoneos;
				SWIFT_ACTIVE_COMPILATION_CONDITIONS = DEBUG;
				SWIFT_OPTIMIZATION_LEVEL = "-Onone";
			};
			name = Debug;
		};
		9DE6F5DE269C92170027438C /* Release */ = {
			isa = XCBuildConfiguration;
			buildSettings = {
				ALWAYS_SEARCH_USER_PATHS = NO;
				CLANG_ANALYZER_NONNULL = YES;
				CLANG_ANALYZER_NUMBER_OBJECT_CONVERSION = YES_AGGRESSIVE;
				CLANG_CXX_LANGUAGE_STANDARD = "gnu++14";
				CLANG_CXX_LIBRARY = "libc++";
				CLANG_ENABLE_MODULES = YES;
				CLANG_ENABLE_OBJC_ARC = YES;
				CLANG_ENABLE_OBJC_WEAK = YES;
				CLANG_WARN_BLOCK_CAPTURE_AUTORELEASING = YES;
				CLANG_WARN_BOOL_CONVERSION = YES;
				CLANG_WARN_COMMA = YES;
				CLANG_WARN_CONSTANT_CONVERSION = YES;
				CLANG_WARN_DEPRECATED_OBJC_IMPLEMENTATIONS = YES;
				CLANG_WARN_DIRECT_OBJC_ISA_USAGE = YES_ERROR;
				CLANG_WARN_DOCUMENTATION_COMMENTS = YES;
				CLANG_WARN_EMPTY_BODY = YES;
				CLANG_WARN_ENUM_CONVERSION = YES;
				CLANG_WARN_INFINITE_RECURSION = YES;
				CLANG_WARN_INT_CONVERSION = YES;
				CLANG_WARN_NON_LITERAL_NULL_CONVERSION = YES;
				CLANG_WARN_OBJC_IMPLICIT_RETAIN_SELF = YES;
				CLANG_WARN_OBJC_LITERAL_CONVERSION = YES;
				CLANG_WARN_OBJC_ROOT_CLASS = YES_ERROR;
				CLANG_WARN_QUOTED_INCLUDE_IN_FRAMEWORK_HEADER = YES;
				CLANG_WARN_RANGE_LOOP_ANALYSIS = YES;
				CLANG_WARN_STRICT_PROTOTYPES = YES;
				CLANG_WARN_SUSPICIOUS_MOVE = YES;
				CLANG_WARN_UNGUARDED_AVAILABILITY = YES_AGGRESSIVE;
				CLANG_WARN_UNREACHABLE_CODE = YES;
				CLANG_WARN__DUPLICATE_METHOD_MATCH = YES;
				COPY_PHASE_STRIP = NO;
				DEBUG_INFORMATION_FORMAT = "dwarf-with-dsym";
				ENABLE_NS_ASSERTIONS = NO;
				ENABLE_STRICT_OBJC_MSGSEND = YES;
				GCC_C_LANGUAGE_STANDARD = gnu11;
				GCC_NO_COMMON_BLOCKS = YES;
				GCC_WARN_64_TO_32_BIT_CONVERSION = YES;
				GCC_WARN_ABOUT_RETURN_TYPE = YES_ERROR;
				GCC_WARN_UNDECLARED_SELECTOR = YES;
				GCC_WARN_UNINITIALIZED_AUTOS = YES_AGGRESSIVE;
				GCC_WARN_UNUSED_FUNCTION = YES;
				GCC_WARN_UNUSED_VARIABLE = YES;
				IPHONEOS_DEPLOYMENT_TARGET = 14.5;
				MTL_ENABLE_DEBUG_INFO = NO;
				MTL_FAST_MATH = YES;
				SDKROOT = iphoneos;
				SWIFT_COMPILATION_MODE = wholemodule;
				SWIFT_OPTIMIZATION_LEVEL = "-O";
				VALIDATE_PRODUCT = YES;
			};
			name = Release;
		};
		9DE6F5E0269C92170027438C /* Debug */ = {
			isa = XCBuildConfiguration;
			buildSettings = {
				ASSETCATALOG_COMPILER_APPICON_NAME = AppIcon;
				ASSETCATALOG_COMPILER_GLOBAL_ACCENT_COLOR_NAME = AccentColor;
				CODE_SIGN_STYLE = Automatic;
				DEVELOPMENT_TEAM = R36LU3NVAA;
				INFOPLIST_FILE = BTravellr/Info.plist;
				LD_RUNPATH_SEARCH_PATHS = (
					"$(inherited)",
					"@executable_path/Frameworks",
				);
				PRODUCT_BUNDLE_IDENTIFIER = dev.becca.BTravellr;
				PRODUCT_NAME = "$(TARGET_NAME)";
				SWIFT_VERSION = 5.0;
				TARGETED_DEVICE_FAMILY = "1,2";
			};
			name = Debug;
		};
		9DE6F5E1269C92170027438C /* Release */ = {
			isa = XCBuildConfiguration;
			buildSettings = {
				ASSETCATALOG_COMPILER_APPICON_NAME = AppIcon;
				ASSETCATALOG_COMPILER_GLOBAL_ACCENT_COLOR_NAME = AccentColor;
				CODE_SIGN_STYLE = Automatic;
				DEVELOPMENT_TEAM = R36LU3NVAA;
				INFOPLIST_FILE = BTravellr/Info.plist;
				LD_RUNPATH_SEARCH_PATHS = (
					"$(inherited)",
					"@executable_path/Frameworks",
				);
				PRODUCT_BUNDLE_IDENTIFIER = dev.becca.BTravellr;
				PRODUCT_NAME = "$(TARGET_NAME)";
				SWIFT_VERSION = 5.0;
				TARGETED_DEVICE_FAMILY = "1,2";
			};
			name = Release;
		};
/* End XCBuildConfiguration section */

/* Begin XCConfigurationList section */
		9DE6F5C3269C92160027438C /* Build configuration list for PBXProject "BTravellr" */ = {
			isa = XCConfigurationList;
			buildConfigurations = (
				9DE6F5DD269C92170027438C /* Debug */,
				9DE6F5DE269C92170027438C /* Release */,
			);
			defaultConfigurationIsVisible = 0;
			defaultConfigurationName = Release;
		};
		9DE6F5DF269C92170027438C /* Build configuration list for PBXNativeTarget "BTravellr" */ = {
			isa = XCConfigurationList;
			buildConfigurations = (
				9DE6F5E0269C92170027438C /* Debug */,
				9DE6F5E1269C92170027438C /* Release */,
			);
			defaultConfigurationIsVisible = 0;
			defaultConfigurationName = Release;
		};
/* End XCConfigurationList section */

/* Begin XCVersionGroup section */
		9DC0DABC26A75533005E4568 /* Model.xcdatamodeld */ = {
			isa = XCVersionGroup;
			children = (
				9DC0DABD26A75533005E4568 /* Model.xcdatamodel */,
			);
			currentVersion = 9DC0DABD26A75533005E4568 /* Model.xcdatamodel */;
			path = Model.xcdatamodeld;
			sourceTree = "<group>";
			versionGroupType = wrapper.xcdatamodel;
		};
/* End XCVersionGroup section */
	};
	rootObject = 9DE6F5C0269C92160027438C /* Project object */;
}
